// !$*UTF8*$!
{
	archiveVersion = 1;
	classes = {
	};
	objectVersion = 46;
	objects = {

/* Begin PBXBuildFile section */
		5BB09ACE1DD154E700831B03 /* AppDelegate.swift in Sources */ = {isa = PBXBuildFile; fileRef = 5BB09ACD1DD154E700831B03 /* AppDelegate.swift */; };
		5BB09AD01DD154E700831B03 /* ViewController.swift in Sources */ = {isa = PBXBuildFile; fileRef = 5BB09ACF1DD154E700831B03 /* ViewController.swift */; };
		5BB09AD31DD154E700831B03 /* Main.storyboard in Resources */ = {isa = PBXBuildFile; fileRef = 5BB09AD11DD154E700831B03 /* Main.storyboard */; };
		5BB09AD51DD154E700831B03 /* Assets.xcassets in Resources */ = {isa = PBXBuildFile; fileRef = 5BB09AD41DD154E700831B03 /* Assets.xcassets */; };
		5BB09AD81DD154E700831B03 /* LaunchScreen.storyboard in Resources */ = {isa = PBXBuildFile; fileRef = 5BB09AD61DD154E700831B03 /* LaunchScreen.storyboard */; };
		5BD0C7361DE157A50077D401 /* MovieTableViewController.swift in Sources */ = {isa = PBXBuildFile; fileRef = 5BD0C7351DE157A50077D401 /* MovieTableViewController.swift */; };
		5BD0C7391DE158CE0077D401 /* Alamofire.framework in Frameworks */ = {isa = PBXBuildFile; fileRef = 5BD0C7381DE158CE0077D401 /* Alamofire.framework */; };
		5BD0C73B1DE1599F0077D401 /* Alamofire.framework in Embed Frameworks */ = {isa = PBXBuildFile; fileRef = 5BD0C7381DE158CE0077D401 /* Alamofire.framework */; settings = {ATTRIBUTES = (CodeSignOnCopy, RemoveHeadersOnCopy, ); }; };
		5BD0C73D1DE215200077D401 /* MovieTableViewCell.swift in Sources */ = {isa = PBXBuildFile; fileRef = 5BD0C73C1DE215200077D401 /* MovieTableViewCell.swift */; };
		5BD0C73F1DE21D160077D401 /* MovieDetailViewController.swift in Sources */ = {isa = PBXBuildFile; fileRef = 5BD0C73E1DE21D160077D401 /* MovieDetailViewController.swift */; };
/* End PBXBuildFile section */

/* Begin PBXCopyFilesBuildPhase section */
		5BD0C73A1DE1597B0077D401 /* Embed Frameworks */ = {
			isa = PBXCopyFilesBuildPhase;
			buildActionMask = 2147483647;
			dstPath = "";
			dstSubfolderSpec = 10;
			files = (
				5BD0C73B1DE1599F0077D401 /* Alamofire.framework in Embed Frameworks */,
			);
			name = "Embed Frameworks";
			runOnlyForDeploymentPostprocessing = 0;
		};
/* End PBXCopyFilesBuildPhase section */

/* Begin PBXFileReference section */
		5BB09ACA1DD154E700831B03 /* SampleApp.app */ = {isa = PBXFileReference; explicitFileType = wrapper.application; includeInIndex = 0; path = SampleApp.app; sourceTree = BUILT_PRODUCTS_DIR; };
		5BB09ACD1DD154E700831B03 /* AppDelegate.swift */ = {isa = PBXFileReference; lastKnownFileType = sourcecode.swift; path = AppDelegate.swift; sourceTree = "<group>"; };
		5BB09ACF1DD154E700831B03 /* ViewController.swift */ = {isa = PBXFileReference; lastKnownFileType = sourcecode.swift; path = ViewController.swift; sourceTree = "<group>"; };
		5BB09AD21DD154E700831B03 /* Base */ = {isa = PBXFileReference; lastKnownFileType = file.storyboard; name = Base; path = Base.lproj/Main.storyboard; sourceTree = "<group>"; };
		5BB09AD41DD154E700831B03 /* Assets.xcassets */ = {isa = PBXFileReference; lastKnownFileType = folder.assetcatalog; path = Assets.xcassets; sourceTree = "<group>"; };
		5BB09AD71DD154E700831B03 /* Base */ = {isa = PBXFileReference; lastKnownFileType = file.storyboard; name = Base; path = Base.lproj/LaunchScreen.storyboard; sourceTree = "<group>"; };
		5BB09AD91DD154E700831B03 /* Info.plist */ = {isa = PBXFileReference; lastKnownFileType = text.plist.xml; path = Info.plist; sourceTree = "<group>"; };
		5BD0C7351DE157A50077D401 /* MovieTableViewController.swift */ = {isa = PBXFileReference; fileEncoding = 4; lastKnownFileType = sourcecode.swift; path = MovieTableViewController.swift; sourceTree = "<group>"; };
		5BD0C7381DE158CE0077D401 /* Alamofire.framework */ = {isa = PBXFileReference; lastKnownFileType = wrapper.framework; name = Alamofire.framework; path = Carthage/Build/iOS/Alamofire.framework; sourceTree = "<group>"; };
		5BD0C73C1DE215200077D401 /* MovieTableViewCell.swift */ = {isa = PBXFileReference; fileEncoding = 4; lastKnownFileType = sourcecode.swift; path = MovieTableViewCell.swift; sourceTree = "<group>"; };
		5BD0C73E1DE21D160077D401 /* MovieDetailViewController.swift */ = {isa = PBXFileReference; fileEncoding = 4; lastKnownFileType = sourcecode.swift; path = MovieDetailViewController.swift; sourceTree = "<group>"; };
/* End PBXFileReference section */

/* Begin PBXFrameworksBuildPhase section */
		5BB09AC71DD154E600831B03 /* Frameworks */ = {
			isa = PBXFrameworksBuildPhase;
			buildActionMask = 2147483647;
			files = (
				5BD0C7391DE158CE0077D401 /* Alamofire.framework in Frameworks */,
			);
			runOnlyForDeploymentPostprocessing = 0;
		};
/* End PBXFrameworksBuildPhase section */

/* Begin PBXGroup section */
		5BB09AC11DD154E600831B03 = {
			isa = PBXGroup;
			children = (
				5BD0C7371DE158700077D401 /* Frameworks */,
				5BB09ACC1DD154E700831B03 /* SampleApp */,
				5BB09ACB1DD154E700831B03 /* Products */,
			);
			sourceTree = "<group>";
		};
		5BB09ACB1DD154E700831B03 /* Products */ = {
			isa = PBXGroup;
			children = (
				5BB09ACA1DD154E700831B03 /* SampleApp.app */,
			);
			name = Products;
			sourceTree = "<group>";
		};
		5BB09ACC1DD154E700831B03 /* SampleApp */ = {
			isa = PBXGroup;
			children = (
				5BB09ACD1DD154E700831B03 /* AppDelegate.swift */,
				5BB09ACF1DD154E700831B03 /* ViewController.swift */,
				5BB09AD11DD154E700831B03 /* Main.storyboard */,
				5BD0C73E1DE21D160077D401 /* MovieDetailViewController.swift */,
				5BD0C73C1DE215200077D401 /* MovieTableViewCell.swift */,
				5BB09AD41DD154E700831B03 /* Assets.xcassets */,
				5BB09AD61DD154E700831B03 /* LaunchScreen.storyboard */,
				5BB09AD91DD154E700831B03 /* Info.plist */,
				5BD0C7351DE157A50077D401 /* MovieTableViewController.swift */,
			);
			path = SampleApp;
			sourceTree = "<group>";
		};
		5BD0C7371DE158700077D401 /* Frameworks */ = {
			isa = PBXGroup;
			children = (
				5BD0C7381DE158CE0077D401 /* Alamofire.framework */,
			);
			name = Frameworks;
			sourceTree = "<group>";
		};
/* End PBXGroup section */

/* Begin PBXNativeTarget section */
		5BB09AC91DD154E600831B03 /* SampleApp */ = {
			isa = PBXNativeTarget;
			buildConfigurationList = 5BB09ADC1DD154E700831B03 /* Build configuration list for PBXNativeTarget "SampleApp" */;
			buildPhases = (
				5BB09AC61DD154E600831B03 /* Sources */,
				5BB09AC71DD154E600831B03 /* Frameworks */,
				5BB09AC81DD154E600831B03 /* Resources */,
				5BD0C73A1DE1597B0077D401 /* Embed Frameworks */,
			);
			buildRules = (
			);
			dependencies = (
			);
			name = SampleApp;
			productName = SampleApp;
			productReference = 5BB09ACA1DD154E700831B03 /* SampleApp.app */;
			productType = "com.apple.product-type.application";
		};
/* End PBXNativeTarget section */

/* Begin PBXProject section */
		5BB09AC21DD154E600831B03 /* Project object */ = {
			isa = PBXProject;
			attributes = {
				LastSwiftUpdateCheck = 0810;
				LastUpgradeCheck = 0810;
				ORGANIZATIONNAME = "Asar, Chandra";
				TargetAttributes = {
					5BB09AC91DD154E600831B03 = {
						CreatedOnToolsVersion = 8.1;
						ProvisioningStyle = Automatic;
					};
				};
			};
			buildConfigurationList = 5BB09AC51DD154E600831B03 /* Build configuration list for PBXProject "SampleApp" */;
			compatibilityVersion = "Xcode 3.2";
			developmentRegion = English;
			hasScannedForEncodings = 0;
			knownRegions = (
				en,
				Base,
			);
			mainGroup = 5BB09AC11DD154E600831B03;
			productRefGroup = 5BB09ACB1DD154E700831B03 /* Products */;
			projectDirPath = "";
			projectRoot = "";
			targets = (
				5BB09AC91DD154E600831B03 /* SampleApp */,
			);
		};
/* End PBXProject section */

/* Begin PBXResourcesBuildPhase section */
		5BB09AC81DD154E600831B03 /* Resources */ = {
			isa = PBXResourcesBuildPhase;
			buildActionMask = 2147483647;
			files = (
				5BB09AD81DD154E700831B03 /* LaunchScreen.storyboard in Resources */,
				5BB09AD51DD154E700831B03 /* Assets.xcassets in Resources */,
				5BB09AD31DD154E700831B03 /* Main.storyboard in Resources */,
			);
			runOnlyForDeploymentPostprocessing = 0;
		};
/* End PBXResourcesBuildPhase section */

/* Begin PBXSourcesBuildPhase section */
		5BB09AC61DD154E600831B03 /* Sources */ = {
			isa = PBXSourcesBuildPhase;
			buildActionMask = 2147483647;
			files = (
				5BD0C7361DE157A50077D401 /* MovieTableViewController.swift in Sources */,
				5BD0C73F1DE21D160077D401 /* MovieDetailViewController.swift in Sources */,
				5BB09AD01DD154E700831B03 /* ViewController.swift in Sources */,
				5BD0C73D1DE215200077D401 /* MovieTableViewCell.swift in Sources */,
				5BB09ACE1DD154E700831B03 /* AppDelegate.swift in Sources */,
			);
			runOnlyForDeploymentPostprocessing = 0;
		};
/* End PBXSourcesBuildPhase section */

/* Begin PBXVariantGroup section */
		5BB09AD11DD154E700831B03 /* Main.storyboard */ = {
			isa = PBXVariantGroup;
			children = (
				5BB09AD21DD154E700831B03 /* Base */,
			);
			name = Main.storyboard;
			sourceTree = "<group>";
		};
		5BB09AD61DD154E700831B03 /* LaunchScreen.storyboard */ = {
			isa = PBXVariantGroup;
			children = (
				5BB09AD71DD154E700831B03 /* Base */,
			);
			name = LaunchScreen.storyboard;
			sourceTree = "<group>";
		};
/* End PBXVariantGroup section */

/* Begin XCBuildConfiguration section */
		5BB09ADA1DD154E700831B03 /* Debug */ = {
			isa = XCBuildConfiguration;
			buildSettings = {
				ALWAYS_SEARCH_USER_PATHS = NO;
				CLANG_ANALYZER_NONNULL = YES;
				CLANG_CXX_LANGUAGE_STANDARD = "gnu++0x";
				CLANG_CXX_LIBRARY = "libc++";
				CLANG_ENABLE_MODULES = YES;
				CLANG_ENABLE_OBJC_ARC = YES;
				CLANG_WARN_BOOL_CONVERSION = YES;
				CLANG_WARN_CONSTANT_CONVERSION = YES;
				CLANG_WARN_DIRECT_OBJC_ISA_USAGE = YES_ERROR;
				CLANG_WARN_DOCUMENTATION_COMMENTS = YES;
				CLANG_WARN_EMPTY_BODY = YES;
				CLANG_WARN_ENUM_CONVERSION = YES;
				CLANG_WARN_INFINITE_RECURSION = YES;
				CLANG_WARN_INT_CONVERSION = YES;
				CLANG_WARN_OBJC_ROOT_CLASS = YES_ERROR;
				CLANG_WARN_SUSPICIOUS_MOVES = YES;
				CLANG_WARN_UNREACHABLE_CODE = YES;
				CLANG_WARN__DUPLICATE_METHOD_MATCH = YES;
				"CODE_SIGN_IDENTITY[sdk=iphoneos*]" = "iPhone Developer";
				COPY_PHASE_STRIP = NO;
				DEBUG_INFORMATION_FORMAT = dwarf;
				ENABLE_STRICT_OBJC_MSGSEND = YES;
				ENABLE_TESTABILITY = YES;
				GCC_C_LANGUAGE_STANDARD = gnu99;
				GCC_DYNAMIC_NO_PIC = NO;
				GCC_NO_COMMON_BLOCKS = YES;
				GCC_OPTIMIZATION_LEVEL = 0;
				GCC_PREPROCESSOR_DEFINITIONS = (
					"DEBUG=1",
					"$(inherited)",
				);
				GCC_WARN_64_TO_32_BIT_CONVERSION = YES;
				GCC_WARN_ABOUT_RETURN_TYPE = YES_ERROR;
				GCC_WARN_UNDECLARED_SELECTOR = YES;
				GCC_WARN_UNINITIALIZED_AUTOS = YES_AGGRESSIVE;
				GCC_WARN_UNUSED_FUNCTION = YES;
				GCC_WARN_UNUSED_VARIABLE = YES;
				IPHONEOS_DEPLOYMENT_TARGET = 10.1;
				MTL_ENABLE_DEBUG_INFO = YES;
				ONLY_ACTIVE_ARCH = YES;
				SDKROOT = iphoneos;
				SWIFT_ACTIVE_COMPILATION_CONDITIONS = DEBUG;
				SWIFT_OPTIMIZATION_LEVEL = "-Onone";
				TARGETED_DEVICE_FAMILY = "1,2";
			};
			name = Debug;
		};
		5BB09ADB1DD154E700831B03 /* Release */ = {
			isa = XCBuildConfiguration;
			buildSettings = {
				ALWAYS_SEARCH_USER_PATHS = NO;
				CLANG_ANALYZER_NONNULL = YES;
				CLANG_CXX_LANGUAGE_STANDARD = "gnu++0x";
				CLANG_CXX_LIBRARY = "libc++";
				CLANG_ENABLE_MODULES = YES;
				CLANG_ENABLE_OBJC_ARC = YES;
				CLANG_WARN_BOOL_CONVERSION = YES;
				CLANG_WARN_CONSTANT_CONVERSION = YES;
				CLANG_WARN_DIRECT_OBJC_ISA_USAGE = YES_ERROR;
				CLANG_WARN_DOCUMENTATION_COMMENTS = YES;
				CLANG_WARN_EMPTY_BODY = YES;
				CLANG_WARN_ENUM_CONVERSION = YES;
				CLANG_WARN_INFINITE_RECURSION = YES;
				CLANG_WARN_INT_CONVERSION = YES;
				CLANG_WARN_OBJC_ROOT_CLASS = YES_ERROR;
				CLANG_WARN_SUSPICIOUS_MOVES = YES;
				CLANG_WARN_UNREACHABLE_CODE = YES;
				CLANG_WARN__DUPLICATE_METHOD_MATCH = YES;
				"CODE_SIGN_IDENTITY[sdk=iphoneos*]" = "iPhone Developer";
				COPY_PHASE_STRIP = NO;
				DEBUG_INFORMATION_FORMAT = "dwarf-with-dsym";
				ENABLE_NS_ASSERTIONS = NO;
				ENABLE_STRICT_OBJC_MSGSEND = YES;
				GCC_C_LANGUAGE_STANDARD = gnu99;
				GCC_NO_COMMON_BLOCKS = YES;
				GCC_WARN_64_TO_32_BIT_CONVERSION = YES;
				GCC_WARN_ABOUT_RETURN_TYPE = YES_ERROR;
				GCC_WARN_UNDECLARED_SELECTOR = YES;
				GCC_WARN_UNINITIALIZED_AUTOS = YES_AGGRESSIVE;
				GCC_WARN_UNUSED_FUNCTION = YES;
				GCC_WARN_UNUSED_VARIABLE = YES;
				IPHONEOS_DEPLOYMENT_TARGET = 10.1;
				MTL_ENABLE_DEBUG_INFO = NO;
				SDKROOT = iphoneos;
				SWIFT_OPTIMIZATION_LEVEL = "-Owholemodule";
				TARGETED_DEVICE_FAMILY = "1,2";
				VALIDATE_PRODUCT = YES;
			};
			name = Release;
		};
		5BB09ADD1DD154E700831B03 /* Debug */ = {
			isa = XCBuildConfiguration;
			buildSettings = {
				ASSETCATALOG_COMPILER_APPICON_NAME = AppIcon;
				FRAMEWORK_SEARCH_PATHS = (
					"$(inherited)",
					"$(PROJECT_DIR)/Carthage/Build/iOS",
				);
				INFOPLIST_FILE = SampleApp/Info.plist;
				LD_RUNPATH_SEARCH_PATHS = "$(inherited) @executable_path/Frameworks";
				PRODUCT_BUNDLE_IDENTIFIER = com.chandra.SampleApp.SampleApp;
				PRODUCT_NAME = "$(TARGET_NAME)";
				SWIFT_VERSION = 3.0;
			};
			name = Debug;
		};
		5BB09ADE1DD154E700831B03 /* Release */ = {
			isa = XCBuildConfiguration;
			buildSettings = {
				ASSETCATALOG_COMPILER_APPICON_NAME = AppIcon;
				FRAMEWORK_SEARCH_PATHS = (
					"$(inherited)",
					"$(PROJECT_DIR)/Carthage/Build/iOS",
				);
				INFOPLIST_FILE = SampleApp/Info.plist;
				LD_RUNPATH_SEARCH_PATHS = "$(inherited) @executable_path/Frameworks";
				PRODUCT_BUNDLE_IDENTIFIER = com.chandra.SampleApp.SampleApp;
				PRODUCT_NAME = "$(TARGET_NAME)";
				SWIFT_VERSION = 3.0;
			};
			name = Release;
		};
/* End XCBuildConfiguration section */

/* Begin XCConfigurationList section */
		5BB09AC51DD154E600831B03 /* Build configuration list for PBXProject "SampleApp" */ = {
			isa = XCConfigurationList;
			buildConfigurations = (
				5BB09ADA1DD154E700831B03 /* Debug */,
				5BB09ADB1DD154E700831B03 /* Release */,
			);
			defaultConfigurationIsVisible = 0;
			defaultConfigurationName = Release;
		};
		5BB09ADC1DD154E700831B03 /* Build configuration list for PBXNativeTarget "SampleApp" */ = {
			isa = XCConfigurationList;
			buildConfigurations = (
				5BB09ADD1DD154E700831B03 /* Debug */,
				5BB09ADE1DD154E700831B03 /* Release */,
			);
			defaultConfigurationIsVisible = 0;
			defaultConfigurationName = Release;
		};
/* End XCConfigurationList section */
	};
	rootObject = 5BB09AC21DD154E600831B03 /* Project object */;
}
